
Microsoft Visual Studio Solution File, Format Version 12.00
# Visual Studio Version 17
VisualStudioVersion = 17.14.36518.9 d17.14
MinimumVisualStudioVersion = 10.0.40219.1
Project("{FAE04EC0-301F-11D3-BF4B-00C04F79EFBC}") = "UI", "MVP4\UI.csproj", "{63162817-4F5E-4B06-A84E-9D4E5780D80B}"
EndProject
Project("{FAE04EC0-301F-11D3-BF4B-00C04F79EFBC}") = "Core", "Core\Core.csproj", "{BCC7CD7A-B17A-4CCD-8C62-E55243B234B1}"
EndProject
Project("{FAE04EC0-301F-11D3-BF4B-00C04F79EFBC}") = "Services", "Services\Services.csproj", "{1B519C74-6A8F-437A-98B0-21F049483E66}"
EndProject
Project("{FAE04EC0-301F-11D3-BF4B-00C04F79EFBC}") = "Infrastructure", "Infrastructure\Infrastructure.csproj", "{93280130-9F11-4417-BA75-352BD48AE806}"
EndProject
Global
	GlobalSection(SolutionConfigurationPlatforms) = preSolution
		Debug|Any CPU = Debug|Any CPU
		Release|Any CPU = Release|Any CPU
	EndGlobalSection
	GlobalSection(ProjectConfigurationPlatforms) = postSolution
		{63162817-4F5E-4B06-A84E-9D4E5780D80B}.Debug|Any CPU.ActiveCfg = Debug|Any CPU
		{63162817-4F5E-4B06-A84E-9D4E5780D80B}.Debug|Any CPU.Build.0 = Debug|Any CPU
		{63162817-4F5E-4B06-A84E-9D4E5780D80B}.Release|Any CPU.ActiveCfg = Release|Any CPU
		{63162817-4F5E-4B06-A84E-9D4E5780D80B}.Release|Any CPU.Build.0 = Release|Any CPU
		{BCC7CD7A-B17A-4CCD-8C62-E55243B234B1}.Debug|Any CPU.ActiveCfg = Debug|Any CPU
		{BCC7CD7A-B17A-4CCD-8C62-E55243B234B1}.Debug|Any CPU.Build.0 = Debug|Any CPU
		{BCC7CD7A-B17A-4CCD-8C62-E55243B234B1}.Release|Any CPU.ActiveCfg = Release|Any CPU
		{BCC7CD7A-B17A-4CCD-8C62-E55243B234B1}.Release|Any CPU.Build.0 = Release|Any CPU
		{1B519C74-6A8F-437A-98B0-21F049483E66}.Debug|Any CPU.ActiveCfg = Debug|Any CPU
		{1B519C74-6A8F-437A-98B0-21F049483E66}.Debug|Any CPU.Build.0 = Debug|Any CPU
		{1B519C74-6A8F-437A-98B0-21F049483E66}.Release|Any CPU.ActiveCfg = Release|Any CPU
		{1B519C74-6A8F-437A-98B0-21F049483E66}.Release|Any CPU.Build.0 = Release|Any CPU
		{93280130-9F11-4417-BA75-352BD48AE806}.Debug|Any CPU.ActiveCfg = Debug|Any CPU
		{93280130-9F11-4417-BA75-352BD48AE806}.Debug|Any CPU.Build.0 = Debug|Any CPU
		{93280130-9F11-4417-BA75-352BD48AE806}.Release|Any CPU.ActiveCfg = Release|Any CPU
		{93280130-9F11-4417-BA75-352BD48AE806}.Release|Any CPU.Build.0 = Release|Any CPU
	EndGlobalSection
	GlobalSection(SolutionProperties) = preSolution
		HideSolutionNode = FALSE
	EndGlobalSection
	GlobalSection(ExtensibilityGlobals) = postSolution
		SolutionGuid = {9B97CDB9-E207-442A-8C38-0630E1D3F752}
	EndGlobalSection
EndGlobal
